// !$*UTF8*$!
{
	archiveVersion = 1;
	classes = {
	};
	objectVersion = 46;
	objects = {

/* Begin PBXBuildFile section */
		734A62721D62F8660018944B /* main.m in Sources */ = {isa = PBXBuildFile; fileRef = 734A62711D62F8660018944B /* main.m */; };
		734A62751D62F8660018944B /* AppDelegate.m in Sources */ = {isa = PBXBuildFile; fileRef = 734A62741D62F8660018944B /* AppDelegate.m */; };
		734A62781D62F8660018944B /* ViewController.m in Sources */ = {isa = PBXBuildFile; fileRef = 734A62771D62F8660018944B /* ViewController.m */; };
		734A627B1D62F8660018944B /* Main.storyboard in Resources */ = {isa = PBXBuildFile; fileRef = 734A62791D62F8660018944B /* Main.storyboard */; };
		734A627D1D62F8660018944B /* Assets.xcassets in Resources */ = {isa = PBXBuildFile; fileRef = 734A627C1D62F8660018944B /* Assets.xcassets */; };
		734A62801D62F8660018944B /* LaunchScreen.storyboard in Resources */ = {isa = PBXBuildFile; fileRef = 734A627E1D62F8660018944B /* LaunchScreen.storyboard */; };
		734A628B1D62F8660018944B /* UIAppearanceDemoTests.m in Sources */ = {isa = PBXBuildFile; fileRef = 734A628A1D62F8660018944B /* UIAppearanceDemoTests.m */; };
		734A62961D62F8660018944B /* UIAppearanceDemoUITests.m in Sources */ = {isa = PBXBuildFile; fileRef = 734A62951D62F8660018944B /* UIAppearanceDemoUITests.m */; };
		7364A2841D6705E6000BF773 /* NSString+ActionURLMap.m in Sources */ = {isa = PBXBuildFile; fileRef = 7364A27B1D6705E6000BF773 /* NSString+ActionURLMap.m */; };
		7364A2851D6705E6000BF773 /* NSString+URLMap.m in Sources */ = {isa = PBXBuildFile; fileRef = 7364A27D1D6705E6000BF773 /* NSString+URLMap.m */; };
		7364A2861D6705E6000BF773 /* NSString+ViewControllerURLMap.m in Sources */ = {isa = PBXBuildFile; fileRef = 7364A27F1D6705E6000BF773 /* NSString+ViewControllerURLMap.m */; };
		7364A2871D6705E6000BF773 /* URLMap.m in Sources */ = {isa = PBXBuildFile; fileRef = 7364A2811D6705E6000BF773 /* URLMap.m */; };
		7364A2881D6705E6000BF773 /* URLPattern.m in Sources */ = {isa = PBXBuildFile; fileRef = 7364A2831D6705E6000BF773 /* URLPattern.m */; };
		7364A28F1D6705F1000BF773 /* AppJumpFunction.m in Sources */ = {isa = PBXBuildFile; fileRef = 7364A28A1D6705F1000BF773 /* AppJumpFunction.m */; };
		7364A2901D6705F1000BF773 /* NSData+Add.m in Sources */ = {isa = PBXBuildFile; fileRef = 7364A28C1D6705F1000BF773 /* NSData+Add.m */; };
		7364A2911D6705F1000BF773 /* NSString+Add.m in Sources */ = {isa = PBXBuildFile; fileRef = 7364A28E1D6705F1000BF773 /* NSString+Add.m */; };
		7364A2A51D670649000BF773 /* GoodsDetailVC.m in Sources */ = {isa = PBXBuildFile; fileRef = 7364A2A11D670649000BF773 /* GoodsDetailVC.m */; };
		7364A2A61D670649000BF773 /* CustomView.m in Sources */ = {isa = PBXBuildFile; fileRef = 7364A2A41D670649000BF773 /* CustomView.m */; };
		7364A2AC1D6706FA000BF773 /* GoodsAPI.m in Sources */ = {isa = PBXBuildFile; fileRef = 7364A2AB1D6706FA000BF773 /* GoodsAPI.m */; };
		7364A2AF1D670799000BF773 /* BaseModulAPI.m in Sources */ = {isa = PBXBuildFile; fileRef = 7364A2AE1D670799000BF773 /* BaseModulAPI.m */; };
		7364A2B91D6715E9000BF773 /* BaseViewController.m in Sources */ = {isa = PBXBuildFile; fileRef = 7364A2B81D6715E9000BF773 /* BaseViewController.m */; };
		7364A2BC1D675157000BF773 /* CurrentVCManager.m in Sources */ = {isa = PBXBuildFile; fileRef = 7364A2BB1D675157000BF773 /* CurrentVCManager.m */; };
/* End PBXBuildFile section */

/* Begin PBXContainerItemProxy section */
		734A62871D62F8660018944B /* PBXContainerItemProxy */ = {
			isa = PBXContainerItemProxy;
			containerPortal = 734A62651D62F8660018944B /* Project object */;
			proxyType = 1;
			remoteGlobalIDString = 734A626C1D62F8660018944B;
			remoteInfo = UIAppearanceDemo;
		};
		734A62921D62F8660018944B /* PBXContainerItemProxy */ = {
			isa = PBXContainerItemProxy;
			containerPortal = 734A62651D62F8660018944B /* Project object */;
			proxyType = 1;
			remoteGlobalIDString = 734A626C1D62F8660018944B;
			remoteInfo = UIAppearanceDemo;
		};
/* End PBXContainerItemProxy section */

/* Begin PBXFileReference section */
		734A626D1D62F8660018944B /* UIAppearanceDemo.app */ = {isa = PBXFileReference; explicitFileType = wrapper.application; includeInIndex = 0; path = UIAppearanceDemo.app; sourceTree = BUILT_PRODUCTS_DIR; };
		734A62711D62F8660018944B /* main.m */ = {isa = PBXFileReference; lastKnownFileType = sourcecode.c.objc; path = main.m; sourceTree = "<group>"; };
		734A62731D62F8660018944B /* AppDelegate.h */ = {isa = PBXFileReference; lastKnownFileType = sourcecode.c.h; path = AppDelegate.h; sourceTree = "<group>"; };
		734A62741D62F8660018944B /* AppDelegate.m */ = {isa = PBXFileReference; lastKnownFileType = sourcecode.c.objc; path = AppDelegate.m; sourceTree = "<group>"; };
		734A62761D62F8660018944B /* ViewController.h */ = {isa = PBXFileReference; lastKnownFileType = sourcecode.c.h; name = ViewController.h; path = ../../../ViewController.h; sourceTree = "<group>"; };
		734A62771D62F8660018944B /* ViewController.m */ = {isa = PBXFileReference; lastKnownFileType = sourcecode.c.objc; name = ViewController.m; path = ../../../ViewController.m; sourceTree = "<group>"; };
		734A627A1D62F8660018944B /* Base */ = {isa = PBXFileReference; lastKnownFileType = file.storyboard; name = Base; path = Base.lproj/Main.storyboard; sourceTree = "<group>"; };
		734A627C1D62F8660018944B /* Assets.xcassets */ = {isa = PBXFileReference; lastKnownFileType = folder.assetcatalog; path = Assets.xcassets; sourceTree = "<group>"; };
		734A627F1D62F8660018944B /* Base */ = {isa = PBXFileReference; lastKnownFileType = file.storyboard; name = Base; path = Base.lproj/LaunchScreen.storyboard; sourceTree = "<group>"; };
		734A62811D62F8660018944B /* Info.plist */ = {isa = PBXFileReference; lastKnownFileType = text.plist.xml; path = Info.plist; sourceTree = "<group>"; };
		734A62861D62F8660018944B /* UIAppearanceDemoTests.xctest */ = {isa = PBXFileReference; explicitFileType = wrapper.cfbundle; includeInIndex = 0; path = UIAppearanceDemoTests.xctest; sourceTree = BUILT_PRODUCTS_DIR; };
		734A628A1D62F8660018944B /* UIAppearanceDemoTests.m */ = {isa = PBXFileReference; lastKnownFileType = sourcecode.c.objc; path = UIAppearanceDemoTests.m; sourceTree = "<group>"; };
		734A628C1D62F8660018944B /* Info.plist */ = {isa = PBXFileReference; lastKnownFileType = text.plist.xml; path = Info.plist; sourceTree = "<group>"; };
		734A62911D62F8660018944B /* UIAppearanceDemoUITests.xctest */ = {isa = PBXFileReference; explicitFileType = wrapper.cfbundle; includeInIndex = 0; path = UIAppearanceDemoUITests.xctest; sourceTree = BUILT_PRODUCTS_DIR; };
		734A62951D62F8660018944B /* UIAppearanceDemoUITests.m */ = {isa = PBXFileReference; lastKnownFileType = sourcecode.c.objc; path = UIAppearanceDemoUITests.m; sourceTree = "<group>"; };
		734A62971D62F8660018944B /* Info.plist */ = {isa = PBXFileReference; lastKnownFileType = text.plist.xml; path = Info.plist; sourceTree = "<group>"; };
		7364A27A1D6705E6000BF773 /* NSString+ActionURLMap.h */ = {isa = PBXFileReference; fileEncoding = 4; lastKnownFileType = sourcecode.c.h; path = "NSString+ActionURLMap.h"; sourceTree = "<group>"; };
		7364A27B1D6705E6000BF773 /* NSString+ActionURLMap.m */ = {isa = PBXFileReference; fileEncoding = 4; lastKnownFileType = sourcecode.c.objc; path = "NSString+ActionURLMap.m"; sourceTree = "<group>"; };
		7364A27C1D6705E6000BF773 /* NSString+URLMap.h */ = {isa = PBXFileReference; fileEncoding = 4; lastKnownFileType = sourcecode.c.h; path = "NSString+URLMap.h"; sourceTree = "<group>"; };
		7364A27D1D6705E6000BF773 /* NSString+URLMap.m */ = {isa = PBXFileReference; fileEncoding = 4; lastKnownFileType = sourcecode.c.objc; path = "NSString+URLMap.m"; sourceTree = "<group>"; };
		7364A27E1D6705E6000BF773 /* NSString+ViewControllerURLMap.h */ = {isa = PBXFileReference; fileEncoding = 4; lastKnownFileType = sourcecode.c.h; path = "NSString+ViewControllerURLMap.h"; sourceTree = "<group>"; };
		7364A27F1D6705E6000BF773 /* NSString+ViewControllerURLMap.m */ = {isa = PBXFileReference; fileEncoding = 4; lastKnownFileType = sourcecode.c.objc; path = "NSString+ViewControllerURLMap.m"; sourceTree = "<group>"; };
		7364A2801D6705E6000BF773 /* URLMap.h */ = {isa = PBXFileReference; fileEncoding = 4; lastKnownFileType = sourcecode.c.h; path = URLMap.h; sourceTree = "<group>"; };
		7364A2811D6705E6000BF773 /* URLMap.m */ = {isa = PBXFileReference; fileEncoding = 4; lastKnownFileType = sourcecode.c.objc; path = URLMap.m; sourceTree = "<group>"; };
		7364A2821D6705E6000BF773 /* URLPattern.h */ = {isa = PBXFileReference; fileEncoding = 4; lastKnownFileType = sourcecode.c.h; path = URLPattern.h; sourceTree = "<group>"; };
		7364A2831D6705E6000BF773 /* URLPattern.m */ = {isa = PBXFileReference; fileEncoding = 4; lastKnownFileType = sourcecode.c.objc; path = URLPattern.m; sourceTree = "<group>"; };
		7364A2891D6705F1000BF773 /* AppJumpFunction.h */ = {isa = PBXFileReference; fileEncoding = 4; lastKnownFileType = sourcecode.c.h; path = AppJumpFunction.h; sourceTree = "<group>"; };
		7364A28A1D6705F1000BF773 /* AppJumpFunction.m */ = {isa = PBXFileReference; fileEncoding = 4; lastKnownFileType = sourcecode.c.objc; path = AppJumpFunction.m; sourceTree = "<group>"; };
		7364A28B1D6705F1000BF773 /* NSData+Add.h */ = {isa = PBXFileReference; fileEncoding = 4; lastKnownFileType = sourcecode.c.h; path = "NSData+Add.h"; sourceTree = "<group>"; };
		7364A28C1D6705F1000BF773 /* NSData+Add.m */ = {isa = PBXFileReference; fileEncoding = 4; lastKnownFileType = sourcecode.c.objc; path = "NSData+Add.m"; sourceTree = "<group>"; };
		7364A28D1D6705F1000BF773 /* NSString+Add.h */ = {isa = PBXFileReference; fileEncoding = 4; lastKnownFileType = sourcecode.c.h; path = "NSString+Add.h"; sourceTree = "<group>"; };
		7364A28E1D6705F1000BF773 /* NSString+Add.m */ = {isa = PBXFileReference; fileEncoding = 4; lastKnownFileType = sourcecode.c.objc; path = "NSString+Add.m"; sourceTree = "<group>"; };
		7364A2A01D670649000BF773 /* GoodsDetailVC.h */ = {isa = PBXFileReference; fileEncoding = 4; lastKnownFileType = sourcecode.c.h; path = GoodsDetailVC.h; sourceTree = "<group>"; };
		7364A2A11D670649000BF773 /* GoodsDetailVC.m */ = {isa = PBXFileReference; fileEncoding = 4; lastKnownFileType = sourcecode.c.objc; path = GoodsDetailVC.m; sourceTree = "<group>"; };
		7364A2A31D670649000BF773 /* CustomView.h */ = {isa = PBXFileReference; fileEncoding = 4; lastKnownFileType = sourcecode.c.h; path = CustomView.h; sourceTree = "<group>"; };
		7364A2A41D670649000BF773 /* CustomView.m */ = {isa = PBXFileReference; fileEncoding = 4; lastKnownFileType = sourcecode.c.objc; path = CustomView.m; sourceTree = "<group>"; };
		7364A2AA1D6706FA000BF773 /* GoodsAPI.h */ = {isa = PBXFileReference; fileEncoding = 4; lastKnownFileType = sourcecode.c.h; path = GoodsAPI.h; sourceTree = "<group>"; };
		7364A2AB1D6706FA000BF773 /* GoodsAPI.m */ = {isa = PBXFileReference; fileEncoding = 4; lastKnownFileType = sourcecode.c.objc; path = GoodsAPI.m; sourceTree = "<group>"; };
		7364A2AD1D670799000BF773 /* BaseModulAPI.h */ = {isa = PBXFileReference; fileEncoding = 4; lastKnownFileType = sourcecode.c.h; path = BaseModulAPI.h; sourceTree = "<group>"; };
		7364A2AE1D670799000BF773 /* BaseModulAPI.m */ = {isa = PBXFileReference; fileEncoding = 4; lastKnownFileType = sourcecode.c.objc; path = BaseModulAPI.m; sourceTree = "<group>"; };
		7364A2B71D6715E9000BF773 /* BaseViewController.h */ = {isa = PBXFileReference; fileEncoding = 4; lastKnownFileType = sourcecode.c.h; path = BaseViewController.h; sourceTree = "<group>"; };
		7364A2B81D6715E9000BF773 /* BaseViewController.m */ = {isa = PBXFileReference; fileEncoding = 4; lastKnownFileType = sourcecode.c.objc; path = BaseViewController.m; sourceTree = "<group>"; };
		7364A2BA1D675157000BF773 /* CurrentVCManager.h */ = {isa = PBXFileReference; fileEncoding = 4; lastKnownFileType = sourcecode.c.h; path = CurrentVCManager.h; sourceTree = "<group>"; };
		7364A2BB1D675157000BF773 /* CurrentVCManager.m */ = {isa = PBXFileReference; fileEncoding = 4; lastKnownFileType = sourcecode.c.objc; path = CurrentVCManager.m; sourceTree = "<group>"; };
/* End PBXFileReference section */

/* Begin PBXFrameworksBuildPhase section */
		734A626A1D62F8660018944B /* Frameworks */ = {
			isa = PBXFrameworksBuildPhase;
			buildActionMask = 2147483647;
			files = (
			);
			runOnlyForDeploymentPostprocessing = 0;
		};
		734A62831D62F8660018944B /* Frameworks */ = {
			isa = PBXFrameworksBuildPhase;
			buildActionMask = 2147483647;
			files = (
			);
			runOnlyForDeploymentPostprocessing = 0;
		};
		734A628E1D62F8660018944B /* Frameworks */ = {
			isa = PBXFrameworksBuildPhase;
			buildActionMask = 2147483647;
			files = (
			);
			runOnlyForDeploymentPostprocessing = 0;
		};
/* End PBXFrameworksBuildPhase section */

/* Begin PBXGroup section */
		734A62641D62F8660018944B = {
			isa = PBXGroup;
			children = (
				734A626F1D62F8660018944B /* UIAppearanceDemo */,
				734A62891D62F8660018944B /* UIAppearanceDemoTests */,
				734A62941D62F8660018944B /* UIAppearanceDemoUITests */,
				734A626E1D62F8660018944B /* Products */,
			);
			sourceTree = "<group>";
		};
		734A626E1D62F8660018944B /* Products */ = {
			isa = PBXGroup;
			children = (
				734A626D1D62F8660018944B /* UIAppearanceDemo.app */,
				734A62861D62F8660018944B /* UIAppearanceDemoTests.xctest */,
				734A62911D62F8660018944B /* UIAppearanceDemoUITests.xctest */,
			);
			name = Products;
			sourceTree = "<group>";
		};
		734A626F1D62F8660018944B /* UIAppearanceDemo */ = {
			isa = PBXGroup;
			children = (
				7364A2761D6703EC000BF773 /* Core */,
				7364A2751D6703E3000BF773 /* Lib */,
				7364A2741D67034B000BF773 /* Helper */,
				7364A2921D67063B000BF773 /* Module */,
				734A627C1D62F8660018944B /* Assets.xcassets */,
				734A627E1D62F8660018944B /* LaunchScreen.storyboard */,
				734A62811D62F8660018944B /* Info.plist */,
				734A62701D62F8660018944B /* Supporting Files */,
			);
			path = UIAppearanceDemo;
			sourceTree = "<group>";
		};
		734A62701D62F8660018944B /* Supporting Files */ = {
			isa = PBXGroup;
			children = (
				734A62731D62F8660018944B /* AppDelegate.h */,
				734A62741D62F8660018944B /* AppDelegate.m */,
				734A62791D62F8660018944B /* Main.storyboard */,
				734A62711D62F8660018944B /* main.m */,
			);
			name = "Supporting Files";
			sourceTree = "<group>";
		};
		734A62891D62F8660018944B /* UIAppearanceDemoTests */ = {
			isa = PBXGroup;
			children = (
				734A628A1D62F8660018944B /* UIAppearanceDemoTests.m */,
				734A628C1D62F8660018944B /* Info.plist */,
			);
			path = UIAppearanceDemoTests;
			sourceTree = "<group>";
		};
		734A62941D62F8660018944B /* UIAppearanceDemoUITests */ = {
			isa = PBXGroup;
			children = (
				734A62951D62F8660018944B /* UIAppearanceDemoUITests.m */,
				734A62971D62F8660018944B /* Info.plist */,
			);
			path = UIAppearanceDemoUITests;
			sourceTree = "<group>";
		};
		7364A2741D67034B000BF773 /* Helper */ = {
			isa = PBXGroup;
			children = (
				7364A2891D6705F1000BF773 /* AppJumpFunction.h */,
				7364A28A1D6705F1000BF773 /* AppJumpFunction.m */,
				7364A28B1D6705F1000BF773 /* NSData+Add.h */,
				7364A28C1D6705F1000BF773 /* NSData+Add.m */,
				7364A28D1D6705F1000BF773 /* NSString+Add.h */,
				7364A28E1D6705F1000BF773 /* NSString+Add.m */,
				7364A2BA1D675157000BF773 /* CurrentVCManager.h */,
				7364A2BB1D675157000BF773 /* CurrentVCManager.m */,
			);
			path = Helper;
			sourceTree = "<group>";
		};
		7364A2751D6703E3000BF773 /* Lib */ = {
			isa = PBXGroup;
			children = (
			);
			path = Lib;
			sourceTree = "<group>";
		};
		7364A2761D6703EC000BF773 /* Core */ = {
			isa = PBXGroup;
			children = (
				7364A2B61D6715BC000BF773 /* Base */,
				7364A2771D6703EC000BF773 /* URLMap */,
			);
			path = Core;
			sourceTree = "<group>";
		};
		7364A2771D6703EC000BF773 /* URLMap */ = {
			isa = PBXGroup;
			children = (
				7364A27A1D6705E6000BF773 /* NSString+ActionURLMap.h */,
				7364A27B1D6705E6000BF773 /* NSString+ActionURLMap.m */,
				7364A27C1D6705E6000BF773 /* NSString+URLMap.h */,
				7364A27D1D6705E6000BF773 /* NSString+URLMap.m */,
				7364A27E1D6705E6000BF773 /* NSString+ViewControllerURLMap.h */,
				7364A27F1D6705E6000BF773 /* NSString+ViewControllerURLMap.m */,
				7364A2AD1D670799000BF773 /* BaseModulAPI.h */,
				7364A2AE1D670799000BF773 /* BaseModulAPI.m */,
				7364A2801D6705E6000BF773 /* URLMap.h */,
				7364A2811D6705E6000BF773 /* URLMap.m */,
				7364A2821D6705E6000BF773 /* URLPattern.h */,
				7364A2831D6705E6000BF773 /* URLPattern.m */,
			);
			path = URLMap;
			sourceTree = "<group>";
		};
		7364A2921D67063B000BF773 /* Module */ = {
			isa = PBXGroup;
			children = (
				7364A2A71D67068F000BF773 /* Home */,
				7364A29D1D670649000BF773 /* Cart */,
				7364A29E1D670649000BF773 /* Goods */,
			);
			path = Module;
			sourceTree = "<group>";
		};
		7364A29D1D670649000BF773 /* Cart */ = {
			isa = PBXGroup;
			children = (
			);
			path = Cart;
			sourceTree = "<group>";
		};
		7364A29E1D670649000BF773 /* Goods */ = {
			isa = PBXGroup;
			children = (
				7364A2A91D6706BF000BF773 /* ModulAPI */,
				7364A29F1D670649000BF773 /* VC */,
				7364A2A21D670649000BF773 /* View */,
			);
			path = Goods;
			sourceTree = "<group>";
		};
		7364A29F1D670649000BF773 /* VC */ = {
			isa = PBXGroup;
			children = (
				7364A2A01D670649000BF773 /* GoodsDetailVC.h */,
				7364A2A11D670649000BF773 /* GoodsDetailVC.m */,
			);
			path = VC;
			sourceTree = "<group>";
		};
		7364A2A21D670649000BF773 /* View */ = {
			isa = PBXGroup;
			children = (
				7364A2A31D670649000BF773 /* CustomView.h */,
				7364A2A41D670649000BF773 /* CustomView.m */,
			);
			path = View;
			sourceTree = "<group>";
		};
		7364A2A71D67068F000BF773 /* Home */ = {
			isa = PBXGroup;
			children = (
				7364A2A81D67068F000BF773 /* VC */,
			);
			path = Home;
			sourceTree = "<group>";
		};
		7364A2A81D67068F000BF773 /* VC */ = {
			isa = PBXGroup;
			children = (
				734A62761D62F8660018944B /* ViewController.h */,
				734A62771D62F8660018944B /* ViewController.m */,
			);
			path = VC;
			sourceTree = "<group>";
		};
		7364A2A91D6706BF000BF773 /* ModulAPI */ = {
			isa = PBXGroup;
			children = (
				7364A2AA1D6706FA000BF773 /* GoodsAPI.h */,
				7364A2AB1D6706FA000BF773 /* GoodsAPI.m */,
			);
			path = ModulAPI;
			sourceTree = "<group>";
		};
		7364A2B61D6715BC000BF773 /* Base */ = {
			isa = PBXGroup;
			children = (
				7364A2B71D6715E9000BF773 /* BaseViewController.h */,
				7364A2B81D6715E9000BF773 /* BaseViewController.m */,
			);
			path = Base;
			sourceTree = "<group>";
		};
/* End PBXGroup section */

/* Begin PBXNativeTarget section */
		734A626C1D62F8660018944B /* UIAppearanceDemo */ = {
			isa = PBXNativeTarget;
			buildConfigurationList = 734A629A1D62F8660018944B /* Build configuration list for PBXNativeTarget "UIAppearanceDemo" */;
			buildPhases = (
				734A62691D62F8660018944B /* Sources */,
				734A626A1D62F8660018944B /* Frameworks */,
				734A626B1D62F8660018944B /* Resources */,
			);
			buildRules = (
			);
			dependencies = (
			);
			name = UIAppearanceDemo;
			productName = UIAppearanceDemo;
			productReference = 734A626D1D62F8660018944B /* UIAppearanceDemo.app */;
			productType = "com.apple.product-type.application";
		};
		734A62851D62F8660018944B /* UIAppearanceDemoTests */ = {
			isa = PBXNativeTarget;
			buildConfigurationList = 734A629D1D62F8660018944B /* Build configuration list for PBXNativeTarget "UIAppearanceDemoTests" */;
			buildPhases = (
				734A62821D62F8660018944B /* Sources */,
				734A62831D62F8660018944B /* Frameworks */,
				734A62841D62F8660018944B /* Resources */,
			);
			buildRules = (
			);
			dependencies = (
				734A62881D62F8660018944B /* PBXTargetDependency */,
			);
			name = UIAppearanceDemoTests;
			productName = UIAppearanceDemoTests;
			productReference = 734A62861D62F8660018944B /* UIAppearanceDemoTests.xctest */;
			productType = "com.apple.product-type.bundle.unit-test";
		};
		734A62901D62F8660018944B /* UIAppearanceDemoUITests */ = {
			isa = PBXNativeTarget;
			buildConfigurationList = 734A62A01D62F8660018944B /* Build configuration list for PBXNativeTarget "UIAppearanceDemoUITests" */;
			buildPhases = (
				734A628D1D62F8660018944B /* Sources */,
				734A628E1D62F8660018944B /* Frameworks */,
				734A628F1D62F8660018944B /* Resources */,
			);
			buildRules = (
			);
			dependencies = (
				734A62931D62F8660018944B /* PBXTargetDependency */,
			);
			name = UIAppearanceDemoUITests;
			productName = UIAppearanceDemoUITests;
			productReference = 734A62911D62F8660018944B /* UIAppearanceDemoUITests.xctest */;
			productType = "com.apple.product-type.bundle.ui-testing";
		};
/* End PBXNativeTarget section */

/* Begin PBXProject section */
		734A62651D62F8660018944B /* Project object */ = {
			isa = PBXProject;
			attributes = {
				LastUpgradeCheck = 0730;
				ORGANIZATIONNAME = luguibin;
				TargetAttributes = {
					734A626C1D62F8660018944B = {
						CreatedOnToolsVersion = 7.3;
					};
					734A62851D62F8660018944B = {
						CreatedOnToolsVersion = 7.3;
						TestTargetID = 734A626C1D62F8660018944B;
					};
					734A62901D62F8660018944B = {
						CreatedOnToolsVersion = 7.3;
						TestTargetID = 734A626C1D62F8660018944B;
					};
				};
			};
			buildConfigurationList = 734A62681D62F8660018944B /* Build configuration list for PBXProject "UIAppearanceDemo" */;
			compatibilityVersion = "Xcode 3.2";
			developmentRegion = English;
			hasScannedForEncodings = 0;
			knownRegions = (
				en,
				Base,
			);
			mainGroup = 734A62641D62F8660018944B;
			productRefGroup = 734A626E1D62F8660018944B /* Products */;
			projectDirPath = "";
			projectRoot = "";
			targets = (
				734A626C1D62F8660018944B /* UIAppearanceDemo */,
				734A62851D62F8660018944B /* UIAppearanceDemoTests */,
				734A62901D62F8660018944B /* UIAppearanceDemoUITests */,
			);
		};
/* End PBXProject section */

/* Begin PBXResourcesBuildPhase section */
		734A626B1D62F8660018944B /* Resources */ = {
			isa = PBXResourcesBuildPhase;
			buildActionMask = 2147483647;
			files = (
				734A62801D62F8660018944B /* LaunchScreen.storyboard in Resources */,
				734A627D1D62F8660018944B /* Assets.xcassets in Resources */,
				734A627B1D62F8660018944B /* Main.storyboard in Resources */,
			);
			runOnlyForDeploymentPostprocessing = 0;
		};
		734A62841D62F8660018944B /* Resources */ = {
			isa = PBXResourcesBuildPhase;
			buildActionMask = 2147483647;
			files = (
			);
			runOnlyForDeploymentPostprocessing = 0;
		};
		734A628F1D62F8660018944B /* Resources */ = {
			isa = PBXResourcesBuildPhase;
			buildActionMask = 2147483647;
			files = (
			);
			runOnlyForDeploymentPostprocessing = 0;
		};
/* End PBXResourcesBuildPhase section */

/* Begin PBXSourcesBuildPhase section */
		734A62691D62F8660018944B /* Sources */ = {
			isa = PBXSourcesBuildPhase;
			buildActionMask = 2147483647;
			files = (
				7364A2911D6705F1000BF773 /* NSString+Add.m in Sources */,
				7364A28F1D6705F1000BF773 /* AppJumpFunction.m in Sources */,
				7364A2881D6705E6000BF773 /* URLPattern.m in Sources */,
				7364A2AF1D670799000BF773 /* BaseModulAPI.m in Sources */,
				7364A2A51D670649000BF773 /* GoodsDetailVC.m in Sources */,
				7364A2A61D670649000BF773 /* CustomView.m in Sources */,
				7364A2AC1D6706FA000BF773 /* GoodsAPI.m in Sources */,
				7364A2BC1D675157000BF773 /* CurrentVCManager.m in Sources */,
				7364A2901D6705F1000BF773 /* NSData+Add.m in Sources */,
				7364A2851D6705E6000BF773 /* NSString+URLMap.m in Sources */,
				7364A2B91D6715E9000BF773 /* BaseViewController.m in Sources */,
				7364A2841D6705E6000BF773 /* NSString+ActionURLMap.m in Sources */,
				734A62781D62F8660018944B /* ViewController.m in Sources */,
				7364A2871D6705E6000BF773 /* URLMap.m in Sources */,
				734A62751D62F8660018944B /* AppDelegate.m in Sources */,
				734A62721D62F8660018944B /* main.m in Sources */,
				7364A2861D6705E6000BF773 /* NSString+ViewControllerURLMap.m in Sources */,
			);
			runOnlyForDeploymentPostprocessing = 0;
		};
		734A62821D62F8660018944B /* Sources */ = {
			isa = PBXSourcesBuildPhase;
			buildActionMask = 2147483647;
			files = (
				734A628B1D62F8660018944B /* UIAppearanceDemoTests.m in Sources */,
			);
			runOnlyForDeploymentPostprocessing = 0;
		};
		734A628D1D62F8660018944B /* Sources */ = {
			isa = PBXSourcesBuildPhase;
			buildActionMask = 2147483647;
			files = (
				734A62961D62F8660018944B /* UIAppearanceDemoUITests.m in Sources */,
			);
			runOnlyForDeploymentPostprocessing = 0;
		};
/* End PBXSourcesBuildPhase section */

/* Begin PBXTargetDependency section */
		734A62881D62F8660018944B /* PBXTargetDependency */ = {
			isa = PBXTargetDependency;
			target = 734A626C1D62F8660018944B /* UIAppearanceDemo */;
			targetProxy = 734A62871D62F8660018944B /* PBXContainerItemProxy */;
		};
		734A62931D62F8660018944B /* PBXTargetDependency */ = {
			isa = PBXTargetDependency;
			target = 734A626C1D62F8660018944B /* UIAppearanceDemo */;
			targetProxy = 734A62921D62F8660018944B /* PBXContainerItemProxy */;
		};
/* End PBXTargetDependency section */

/* Begin PBXVariantGroup section */
		734A62791D62F8660018944B /* Main.storyboard */ = {
			isa = PBXVariantGroup;
			children = (
				734A627A1D62F8660018944B /* Base */,
			);
			name = Main.storyboard;
			sourceTree = "<group>";
		};
		734A627E1D62F8660018944B /* LaunchScreen.storyboard */ = {
			isa = PBXVariantGroup;
			children = (
				734A627F1D62F8660018944B /* Base */,
			);
			name = LaunchScreen.storyboard;
			sourceTree = "<group>";
		};
/* End PBXVariantGroup section */

/* Begin XCBuildConfiguration section */
		734A62981D62F8660018944B /* Debug */ = {
			isa = XCBuildConfiguration;
			buildSettings = {
				ALWAYS_SEARCH_USER_PATHS = NO;
				CLANG_ANALYZER_NONNULL = YES;
				CLANG_CXX_LANGUAGE_STANDARD = "gnu++0x";
				CLANG_CXX_LIBRARY = "libc++";
				CLANG_ENABLE_MODULES = YES;
				CLANG_ENABLE_OBJC_ARC = YES;
				CLANG_WARN_BOOL_CONVERSION = YES;
				CLANG_WARN_CONSTANT_CONVERSION = YES;
				CLANG_WARN_DIRECT_OBJC_ISA_USAGE = YES_ERROR;
				CLANG_WARN_EMPTY_BODY = YES;
				CLANG_WARN_ENUM_CONVERSION = YES;
				CLANG_WARN_INT_CONVERSION = YES;
				CLANG_WARN_OBJC_ROOT_CLASS = YES_ERROR;
				CLANG_WARN_UNREACHABLE_CODE = YES;
				CLANG_WARN__DUPLICATE_METHOD_MATCH = YES;
				"CODE_SIGN_IDENTITY[sdk=iphoneos*]" = "iPhone Developer";
				COPY_PHASE_STRIP = NO;
				DEBUG_INFORMATION_FORMAT = dwarf;
				ENABLE_STRICT_OBJC_MSGSEND = YES;
				ENABLE_TESTABILITY = YES;
				GCC_C_LANGUAGE_STANDARD = gnu99;
				GCC_DYNAMIC_NO_PIC = NO;
				GCC_NO_COMMON_BLOCKS = YES;
				GCC_OPTIMIZATION_LEVEL = 0;
				GCC_PREPROCESSOR_DEFINITIONS = (
					"DEBUG=1",
					"$(inherited)",
				);
				GCC_WARN_64_TO_32_BIT_CONVERSION = YES;
				GCC_WARN_ABOUT_RETURN_TYPE = YES_ERROR;
				GCC_WARN_UNDECLARED_SELECTOR = YES;
				GCC_WARN_UNINITIALIZED_AUTOS = YES_AGGRESSIVE;
				GCC_WARN_UNUSED_FUNCTION = YES;
				GCC_WARN_UNUSED_VARIABLE = YES;
				IPHONEOS_DEPLOYMENT_TARGET = 9.3;
				MTL_ENABLE_DEBUG_INFO = YES;
				ONLY_ACTIVE_ARCH = YES;
				SDKROOT = iphoneos;
			};
			name = Debug;
		};
		734A62991D62F8660018944B /* Release */ = {
			isa = XCBuildConfiguration;
			buildSettings = {
				ALWAYS_SEARCH_USER_PATHS = NO;
				CLANG_ANALYZER_NONNULL = YES;
				CLANG_CXX_LANGUAGE_STANDARD = "gnu++0x";
				CLANG_CXX_LIBRARY = "libc++";
				CLANG_ENABLE_MODULES = YES;
				CLANG_ENABLE_OBJC_ARC = YES;
				CLANG_WARN_BOOL_CONVERSION = YES;
				CLANG_WARN_CONSTANT_CONVERSION = YES;
				CLANG_WARN_DIRECT_OBJC_ISA_USAGE = YES_ERROR;
				CLANG_WARN_EMPTY_BODY = YES;
				CLANG_WARN_ENUM_CONVERSION = YES;
				CLANG_WARN_INT_CONVERSION = YES;
				CLANG_WARN_OBJC_ROOT_CLASS = YES_ERROR;
				CLANG_WARN_UNREACHABLE_CODE = YES;
				CLANG_WARN__DUPLICATE_METHOD_MATCH = YES;
				"CODE_SIGN_IDENTITY[sdk=iphoneos*]" = "iPhone Developer";
				COPY_PHASE_STRIP = NO;
				DEBUG_INFORMATION_FORMAT = "dwarf-with-dsym";
				ENABLE_NS_ASSERTIONS = NO;
				ENABLE_STRICT_OBJC_MSGSEND = YES;
				GCC_C_LANGUAGE_STANDARD = gnu99;
				GCC_NO_COMMON_BLOCKS = YES;
				GCC_WARN_64_TO_32_BIT_CONVERSION = YES;
				GCC_WARN_ABOUT_RETURN_TYPE = YES_ERROR;
				GCC_WARN_UNDECLARED_SELECTOR = YES;
				GCC_WARN_UNINITIALIZED_AUTOS = YES_AGGRESSIVE;
				GCC_WARN_UNUSED_FUNCTION = YES;
				GCC_WARN_UNUSED_VARIABLE = YES;
				IPHONEOS_DEPLOYMENT_TARGET = 9.3;
				MTL_ENABLE_DEBUG_INFO = NO;
				SDKROOT = iphoneos;
				VALIDATE_PRODUCT = YES;
			};
			name = Release;
		};
		734A629B1D62F8660018944B /* Debug */ = {
			isa = XCBuildConfiguration;
			buildSettings = {
				ASSETCATALOG_COMPILER_APPICON_NAME = AppIcon;
				INFOPLIST_FILE = UIAppearanceDemo/Info.plist;
				IPHONEOS_DEPLOYMENT_TARGET = 8.0;
				LD_RUNPATH_SEARCH_PATHS = "$(inherited) @executable_path/Frameworks";
				PRODUCT_BUNDLE_IDENTIFIER = .demo;
				PRODUCT_NAME = "$(TARGET_NAME)";
			};
			name = Debug;
		};
		734A629C1D62F8660018944B /* Release */ = {
			isa = XCBuildConfiguration;
			buildSettings = {
				ASSETCATALOG_COMPILER_APPICON_NAME = AppIcon;
				INFOPLIST_FILE = UIAppearanceDemo/Info.plist;
				IPHONEOS_DEPLOYMENT_TARGET = 8.0;
				LD_RUNPATH_SEARCH_PATHS = "$(inherited) @executable_path/Frameworks";
				PRODUCT_BUNDLE_IDENTIFIER = .demo;
				PRODUCT_NAME = "$(TARGET_NAME)";
			};
			name = Release;
		};
		734A629E1D62F8660018944B /* Debug */ = {
			isa = XCBuildConfiguration;
			buildSettings = {
				BUNDLE_LOADER = "$(TEST_HOST)";
				INFOPLIST_FILE = UIAppearanceDemoTests/Info.plist;
				LD_RUNPATH_SEARCH_PATHS = "$(inherited) @executable_path/Frameworks @loader_path/Frameworks";
				PRODUCT_BUNDLE_IDENTIFIER = "Beijing-Spring-Rain-Software.UIAppearanceDemoTests";
				PRODUCT_NAME = "$(TARGET_NAME)";
				TEST_HOST = "$(BUILT_PRODUCTS_DIR)/UIAppearanceDemo.app/UIAppearanceDemo";
			};
			name = Debug;
		};
		734A629F1D62F8660018944B /* Release */ = {
			isa = XCBuildConfiguration;
			buildSettings = {
				BUNDLE_LOADER = "$(TEST_HOST)";
				INFOPLIST_FILE = UIAppearanceDemoTests/Info.plist;
				LD_RUNPATH_SEARCH_PATHS = "$(inherited) @executable_path/Frameworks @loader_path/Frameworks";
				PRODUCT_BUNDLE_IDENTIFIER = "Beijing-Spring-Rain-Software.UIAppearanceDemoTests";
				PRODUCT_NAME = "$(TARGET_NAME)";
				TEST_HOST = "$(BUILT_PRODUCTS_DIR)/UIAppearanceDemo.app/UIAppearanceDemo";
			};
			name = Release;
		};
		734A62A11D62F8660018944B /* Debug */ = {
			isa = XCBuildConfiguration;
			buildSettings = {
				INFOPLIST_FILE = UIAppearanceDemoUITests/Info.plist;
				LD_RUNPATH_SEARCH_PATHS = "$(inherited) @executable_path/Frameworks @loader_path/Frameworks";
				PRODUCT_BUNDLE_IDENTIFIER = "Beijing-Spring-Rain-Software.UIAppearanceDemoUITests";
				PRODUCT_NAME = "$(TARGET_NAME)";
				TEST_TARGET_NAME = UIAppearanceDemo;
			};
			name = Debug;
		};
		734A62A21D62F8660018944B /* Release */ = {
			isa = XCBuildConfiguration;
			buildSettings = {
				INFOPLIST_FILE = UIAppearanceDemoUITests/Info.plist;
				LD_RUNPATH_SEARCH_PATHS = "$(inherited) @executable_path/Frameworks @loader_path/Frameworks";
				PRODUCT_BUNDLE_IDENTIFIER = "Beijing-Spring-Rain-Software.UIAppearanceDemoUITests";
				PRODUCT_NAME = "$(TARGET_NAME)";
				TEST_TARGET_NAME = UIAppearanceDemo;
			};
			name = Release;
		};
/* End XCBuildConfiguration section */

/* Begin XCConfigurationList section */
		734A62681D62F8660018944B /* Build configuration list for PBXProject "UIAppearanceDemo" */ = {
			isa = XCConfigurationList;
			buildConfigurations = (
				734A62981D62F8660018944B /* Debug */,
				734A62991D62F8660018944B /* Release */,
			);
			defaultConfigurationIsVisible = 0;
			defaultConfigurationName = Release;
		};
		734A629A1D62F8660018944B /* Build configuration list for PBXNativeTarget "UIAppearanceDemo" */ = {
			isa = XCConfigurationList;
			buildConfigurations = (
				734A629B1D62F8660018944B /* Debug */,
				734A629C1D62F8660018944B /* Release */,
			);
			defaultConfigurationIsVisible = 0;
			defaultConfigurationName = Release;
		};
		734A629D1D62F8660018944B /* Build configuration list for PBXNativeTarget "UIAppearanceDemoTests" */ = {
			isa = XCConfigurationList;
			buildConfigurations = (
				734A629E1D62F8660018944B /* Debug */,
				734A629F1D62F8660018944B /* Release */,
			);
			defaultConfigurationIsVisible = 0;
			defaultConfigurationName = Release;
		};
		734A62A01D62F8660018944B /* Build configuration list for PBXNativeTarget "UIAppearanceDemoUITests" */ = {
			isa = XCConfigurationList;
			buildConfigurations = (
				734A62A11D62F8660018944B /* Debug */,
				734A62A21D62F8660018944B /* Release */,
			);
			defaultConfigurationIsVisible = 0;
			defaultConfigurationName = Release;
		};
/* End XCConfigurationList section */
	};
	rootObject = 734A62651D62F8660018944B /* Project object */;
}
